
Microsoft Visual Studio Solution File, Format Version 12.00
# Visual Studio Version 17
VisualStudioVersion = 17.12.35527.113
MinimumVisualStudioVersion = 10.0.40219.1
Project("{FAE04EC0-301F-11D3-BF4B-00C04F79EFBC}") = "MyCloudIndustry.AppHost", "MyCloudIndustry.AppHost\MyCloudIndustry.AppHost.csproj", "{1459A2E6-36F1-487E-A04F-5A80E6AC1B52}"
EndProject
Project("{FAE04EC0-301F-11D3-BF4B-00C04F79EFBC}") = "MyCloudIndustry.ServiceDefaults", "MyCloudIndustry.ServiceDefaults\MyCloudIndustry.ServiceDefaults.csproj", "{E93E45EF-C21A-4AF5-887D-089C321411ED}"
EndProject
Project("{2150E333-8FDC-42A3-9474-1A3956D46DE8}") = "Level2..0", "Level2..0", "{668BF2DB-C65B-4486-9945-2659F5D75B5D}"
EndProject
Project("{2150E333-8FDC-42A3-9474-1A3956D46DE8}") = "Batch control", "Batch control", "{9C45D95C-8E6C-451C-B9B0-CD0BF6A7531D}"
EndProject
Project("{2150E333-8FDC-42A3-9474-1A3956D46DE8}") = "Continuous control", "Continuous control", "{715DA8C2-E23B-422E-A182-AD71DCEBBDE9}"
EndProject
Project("{2150E333-8FDC-42A3-9474-1A3956D46DE8}") = "Discrete control", "Discrete control", "{C0DCFC2C-9679-4DCA-B485-F14A848169F3}"
EndProject
Project("{2150E333-8FDC-42A3-9474-1A3956D46DE8}") = "Level3 (MES)", "Level3 (MES)", "{BF401E81-35C0-45A7-966A-1D8976616D8D}"
EndProject
Project("{2150E333-8FDC-42A3-9474-1A3956D46DE8}") = "Level4 (ERP)", "Level4 (ERP)", "{AAA6301D-A58C-44E6-AFF1-230E6A755D31}"
EndProject
Project("{2150E333-8FDC-42A3-9474-1A3956D46DE8}") = "Manufacturing operations management", "Manufacturing operations management", "{8B0670B9-130D-4556-BE24-43EA3FF440A2}"
EndProject
Project("{2150E333-8FDC-42A3-9474-1A3956D46DE8}") = "Inventory operation management", "Inventory operation management", "{095B1987-743A-4F99-8933-BEBA126CDD1C}"
EndProject
Project("{2150E333-8FDC-42A3-9474-1A3956D46DE8}") = "Maintenance operations management", "Maintenance operations management", "{B1367005-A98D-431E-AC88-E0DD347B7261}"
EndProject
Project("{2150E333-8FDC-42A3-9474-1A3956D46DE8}") = "Production operations management", "Production operations management", "{50D7B823-8814-460D-9600-B475C4ABA4D4}"
EndProject
Project("{2150E333-8FDC-42A3-9474-1A3956D46DE8}") = "Quality operations management", "Quality operations management", "{CA5535D1-6622-4EF1-B65D-EAAFB5FBCA0D}"
EndProject
Project("{2150E333-8FDC-42A3-9474-1A3956D46DE8}") = "Manufacturing information", "Manufacturing information", "{0F7DE1B5-E255-45DB-9554-08E162113EED}"
EndProject
Project("{2150E333-8FDC-42A3-9474-1A3956D46DE8}") = "Manufacturing resources", "Manufacturing resources", "{2E392C08-C4D7-4A47-9F3E-1CDF22BE2218}"
EndProject
Project("{2150E333-8FDC-42A3-9474-1A3956D46DE8}") = "Информация о персонале", "Информация о персонале", "{6ACDAA6A-AAE7-4642-BC4F-E8B2AAF1A7F3}"
EndProject
Project("{2150E333-8FDC-42A3-9474-1A3956D46DE8}") = "Информация об оборудовани", "Информация об оборудовани", "{A05184F3-B01B-4F7B-8410-90FAD47F6C3B}"
EndProject
Project("{2150E333-8FDC-42A3-9474-1A3956D46DE8}") = "Информация о материала", "Информация о материала", "{24DD1A72-320C-4B00-AFC6-33304FBA60F0}"
EndProject
Project("{2150E333-8FDC-42A3-9474-1A3956D46DE8}") = "Информация о сегменте процесса", "Информация о сегменте процесса", "{2E6FD178-5A2D-4DE7-81B2-60A44653FCC8}"
EndProject
Project("{2150E333-8FDC-42A3-9474-1A3956D46DE8}") = "Информация о производственных возможностях", "Информация о производственных возможностях", "{24F7A8C4-9A52-4607-B0C3-6D28205BE4AC}"
EndProject
Project("{2150E333-8FDC-42A3-9474-1A3956D46DE8}") = "о производственных мощностях", "о производственных мощностях", "{4EEBC8D9-0B9D-4064-B721-619535BFAD09}"
EndProject
Project("{2150E333-8FDC-42A3-9474-1A3956D46DE8}") = "о техническом обслуживании", "о техническом обслуживании", "{102A7971-8356-470E-BA9B-826CFA26DFD6}"
EndProject
Project("{2150E333-8FDC-42A3-9474-1A3956D46DE8}") = "о планировании использования производственных мощностей", "о планировании использования производственных мощностей", "{761018BB-88FF-40FC-88E2-882CECFFBF68}"
EndProject
Project("{2150E333-8FDC-42A3-9474-1A3956D46DE8}") = "Информация определений изделия", "Информация определений изделия", "{53FEB3E2-256D-4553-BDF1-80543DE9B328}"
EndProject
Project("{2150E333-8FDC-42A3-9474-1A3956D46DE8}") = "календарного планирования", "календарного планирования", "{C438A1FB-9A6F-4094-B855-E1D81E239D7D}"
EndProject
Project("{2150E333-8FDC-42A3-9474-1A3956D46DE8}") = "Инструкции по изготовлению изделий", "Инструкции по изготовлению изделий", "{A387C9DA-E02D-49E8-8697-2F9D2171A113}"
EndProject
Project("{2150E333-8FDC-42A3-9474-1A3956D46DE8}") = "информация о материалах", "информация о материалах", "{86897B51-3EF7-4EB4-B5DA-11467AD77EE4}"
EndProject
Project("{2150E333-8FDC-42A3-9474-1A3956D46DE8}") = "Производственная информация", "Производственная информация", "{0355B661-88F6-49CC-9D21-C2C264ECABAD}"
EndProject
Project("{2150E333-8FDC-42A3-9474-1A3956D46DE8}") = "о производстве", "о производстве", "{D59071FC-CCDC-43E8-A5C1-3075EDAC9419}"
EndProject
Project("{2150E333-8FDC-42A3-9474-1A3956D46DE8}") = "производственных запасах", "производственных запасах", "{971BA2B9-0EC8-409C-9AB8-6E6B70E44644}"
EndProject
Project("{2150E333-8FDC-42A3-9474-1A3956D46DE8}") = "календарном планировании", "календарном планировании", "{1225AEBB-4855-4B00-BCB2-F707A2F79769}"
EndProject
Project("{2150E333-8FDC-42A3-9474-1A3956D46DE8}") = "Информация о плане производства", "Информация о плане производства", "{4BEB819C-1E00-4D6D-90EC-EB7B02F2F515}"
EndProject
Project("{2150E333-8FDC-42A3-9474-1A3956D46DE8}") = "Solution Items", "Solution Items", "{DD068538-F214-4F84-881C-208387E7CFC2}"
	ProjectSection(SolutionItems) = preProject
		README.md = README.md
	EndProjectSection
EndProject
Project("{FAE04EC0-301F-11D3-BF4B-00C04F79EFBC}") = "Manufactoring.Domain", "Manufactoring.Domain\Manufactoring.Domain.csproj", "{A44199BD-F3E8-43FE-AF65-59B16FFF7078}"
EndProject
Project("{FAE04EC0-301F-11D3-BF4B-00C04F79EFBC}") = "MyCloudIndustry.Domain", "MyCloudIndustry.Domain\MyCloudIndustry.Domain.csproj", "{E75BC8B1-9AB8-4A4E-8087-D5773E1EC3E0}"
EndProject
Global
	GlobalSection(SolutionConfigurationPlatforms) = preSolution
		Debug|Any CPU = Debug|Any CPU
		Release|Any CPU = Release|Any CPU
	EndGlobalSection
	GlobalSection(ProjectConfigurationPlatforms) = postSolution
		{1459A2E6-36F1-487E-A04F-5A80E6AC1B52}.Debug|Any CPU.ActiveCfg = Debug|Any CPU
		{1459A2E6-36F1-487E-A04F-5A80E6AC1B52}.Debug|Any CPU.Build.0 = Debug|Any CPU
		{1459A2E6-36F1-487E-A04F-5A80E6AC1B52}.Release|Any CPU.ActiveCfg = Release|Any CPU
		{1459A2E6-36F1-487E-A04F-5A80E6AC1B52}.Release|Any CPU.Build.0 = Release|Any CPU
		{E93E45EF-C21A-4AF5-887D-089C321411ED}.Debug|Any CPU.ActiveCfg = Debug|Any CPU
		{E93E45EF-C21A-4AF5-887D-089C321411ED}.Debug|Any CPU.Build.0 = Debug|Any CPU
		{E93E45EF-C21A-4AF5-887D-089C321411ED}.Release|Any CPU.ActiveCfg = Release|Any CPU
		{E93E45EF-C21A-4AF5-887D-089C321411ED}.Release|Any CPU.Build.0 = Release|Any CPU
		{A44199BD-F3E8-43FE-AF65-59B16FFF7078}.Debug|Any CPU.ActiveCfg = Debug|Any CPU
		{A44199BD-F3E8-43FE-AF65-59B16FFF7078}.Debug|Any CPU.Build.0 = Debug|Any CPU
		{A44199BD-F3E8-43FE-AF65-59B16FFF7078}.Release|Any CPU.ActiveCfg = Release|Any CPU
		{A44199BD-F3E8-43FE-AF65-59B16FFF7078}.Release|Any CPU.Build.0 = Release|Any CPU
		{E75BC8B1-9AB8-4A4E-8087-D5773E1EC3E0}.Debug|Any CPU.ActiveCfg = Debug|Any CPU
		{E75BC8B1-9AB8-4A4E-8087-D5773E1EC3E0}.Debug|Any CPU.Build.0 = Debug|Any CPU
		{E75BC8B1-9AB8-4A4E-8087-D5773E1EC3E0}.Release|Any CPU.ActiveCfg = Release|Any CPU
		{E75BC8B1-9AB8-4A4E-8087-D5773E1EC3E0}.Release|Any CPU.Build.0 = Release|Any CPU
	EndGlobalSection
	GlobalSection(SolutionProperties) = preSolution
		HideSolutionNode = FALSE
	EndGlobalSection
	GlobalSection(NestedProjects) = preSolution
		{9C45D95C-8E6C-451C-B9B0-CD0BF6A7531D} = {668BF2DB-C65B-4486-9945-2659F5D75B5D}
		{715DA8C2-E23B-422E-A182-AD71DCEBBDE9} = {668BF2DB-C65B-4486-9945-2659F5D75B5D}
		{C0DCFC2C-9679-4DCA-B485-F14A848169F3} = {668BF2DB-C65B-4486-9945-2659F5D75B5D}
		{8B0670B9-130D-4556-BE24-43EA3FF440A2} = {BF401E81-35C0-45A7-966A-1D8976616D8D}
		{095B1987-743A-4F99-8933-BEBA126CDD1C} = {8B0670B9-130D-4556-BE24-43EA3FF440A2}
		{B1367005-A98D-431E-AC88-E0DD347B7261} = {8B0670B9-130D-4556-BE24-43EA3FF440A2}
		{50D7B823-8814-460D-9600-B475C4ABA4D4} = {8B0670B9-130D-4556-BE24-43EA3FF440A2}
		{CA5535D1-6622-4EF1-B65D-EAAFB5FBCA0D} = {8B0670B9-130D-4556-BE24-43EA3FF440A2}
		{0F7DE1B5-E255-45DB-9554-08E162113EED} = {BF401E81-35C0-45A7-966A-1D8976616D8D}
		{2E392C08-C4D7-4A47-9F3E-1CDF22BE2218} = {BF401E81-35C0-45A7-966A-1D8976616D8D}
		{6ACDAA6A-AAE7-4642-BC4F-E8B2AAF1A7F3} = {2E6FD178-5A2D-4DE7-81B2-60A44653FCC8}
		{A05184F3-B01B-4F7B-8410-90FAD47F6C3B} = {2E6FD178-5A2D-4DE7-81B2-60A44653FCC8}
		{24DD1A72-320C-4B00-AFC6-33304FBA60F0} = {2E6FD178-5A2D-4DE7-81B2-60A44653FCC8}
		{2E6FD178-5A2D-4DE7-81B2-60A44653FCC8} = {2E392C08-C4D7-4A47-9F3E-1CDF22BE2218}
		{24F7A8C4-9A52-4607-B0C3-6D28205BE4AC} = {0F7DE1B5-E255-45DB-9554-08E162113EED}
		{4EEBC8D9-0B9D-4064-B721-619535BFAD09} = {24F7A8C4-9A52-4607-B0C3-6D28205BE4AC}
		{102A7971-8356-470E-BA9B-826CFA26DFD6} = {24F7A8C4-9A52-4607-B0C3-6D28205BE4AC}
		{761018BB-88FF-40FC-88E2-882CECFFBF68} = {24F7A8C4-9A52-4607-B0C3-6D28205BE4AC}
		{53FEB3E2-256D-4553-BDF1-80543DE9B328} = {0F7DE1B5-E255-45DB-9554-08E162113EED}
		{C438A1FB-9A6F-4094-B855-E1D81E239D7D} = {53FEB3E2-256D-4553-BDF1-80543DE9B328}
		{A387C9DA-E02D-49E8-8697-2F9D2171A113} = {53FEB3E2-256D-4553-BDF1-80543DE9B328}
		{86897B51-3EF7-4EB4-B5DA-11467AD77EE4} = {53FEB3E2-256D-4553-BDF1-80543DE9B328}
		{0355B661-88F6-49CC-9D21-C2C264ECABAD} = {0F7DE1B5-E255-45DB-9554-08E162113EED}
		{D59071FC-CCDC-43E8-A5C1-3075EDAC9419} = {0355B661-88F6-49CC-9D21-C2C264ECABAD}
		{971BA2B9-0EC8-409C-9AB8-6E6B70E44644} = {0355B661-88F6-49CC-9D21-C2C264ECABAD}
		{1225AEBB-4855-4B00-BCB2-F707A2F79769} = {0355B661-88F6-49CC-9D21-C2C264ECABAD}
		{4BEB819C-1E00-4D6D-90EC-EB7B02F2F515} = {0F7DE1B5-E255-45DB-9554-08E162113EED}
		{A44199BD-F3E8-43FE-AF65-59B16FFF7078} = {BF401E81-35C0-45A7-966A-1D8976616D8D}
	EndGlobalSection
EndGlobal
