
Microsoft Visual Studio Solution File, Format Version 12.00
# Visual Studio Version 17
VisualStudioVersion = 17.12.35527.113
MinimumVisualStudioVersion = 10.0.40219.1
Project("{FAE04EC0-301F-11D3-BF4B-00C04F79EFBC}") = "MyCloudIndustry.AppHost", "MyCloudIndustry.AppHost\MyCloudIndustry.AppHost.csproj", "{1459A2E6-36F1-487E-A04F-5A80E6AC1B52}"
EndProject
Project("{FAE04EC0-301F-11D3-BF4B-00C04F79EFBC}") = "MyCloudIndustry.ServiceDefaults", "MyCloudIndustry.ServiceDefaults\MyCloudIndustry.ServiceDefaults.csproj", "{E93E45EF-C21A-4AF5-887D-089C321411ED}"
EndProject
Global
	GlobalSection(SolutionConfigurationPlatforms) = preSolution
		Debug|Any CPU = Debug|Any CPU
		Release|Any CPU = Release|Any CPU
	EndGlobalSection
	GlobalSection(ProjectConfigurationPlatforms) = postSolution
		{1459A2E6-36F1-487E-A04F-5A80E6AC1B52}.Debug|Any CPU.ActiveCfg = Debug|Any CPU
		{1459A2E6-36F1-487E-A04F-5A80E6AC1B52}.Debug|Any CPU.Build.0 = Debug|Any CPU
		{1459A2E6-36F1-487E-A04F-5A80E6AC1B52}.Release|Any CPU.ActiveCfg = Release|Any CPU
		{1459A2E6-36F1-487E-A04F-5A80E6AC1B52}.Release|Any CPU.Build.0 = Release|Any CPU
		{E93E45EF-C21A-4AF5-887D-089C321411ED}.Debug|Any CPU.ActiveCfg = Debug|Any CPU
		{E93E45EF-C21A-4AF5-887D-089C321411ED}.Debug|Any CPU.Build.0 = Debug|Any CPU
		{E93E45EF-C21A-4AF5-887D-089C321411ED}.Release|Any CPU.ActiveCfg = Release|Any CPU
		{E93E45EF-C21A-4AF5-887D-089C321411ED}.Release|Any CPU.Build.0 = Release|Any CPU
	EndGlobalSection
	GlobalSection(SolutionProperties) = preSolution
		HideSolutionNode = FALSE
	EndGlobalSection
EndGlobal
